
Microsoft Visual Studio Solution File, Format Version 12.00
# Visual Studio 14
VisualStudioVersion = 14.0.25420.1
MinimumVisualStudioVersion = 10.0.40219.1
Project("{2150E333-8FDC-42A3-9474-1A3956D46DE8}") = "Engine", "Engine", "{E7BE7F2E-4A0B-456F-835B-4B18FEBCF10A}"
EndProject
Project("{2150E333-8FDC-42A3-9474-1A3956D46DE8}") = "Games", "Games", "{18731E6F-6317-4D16-908E-ADB14B04921E}"
EndProject
Project("{8BC9CEB8-8B4A-11D0-8D11-00A0C91BC942}") = "UE4", "Intermediate\ProjectFiles\UE4.vcxproj", "{EFD3875C-1125-4840-A256-8FA0D22EA239}"
EndProject
Project("{8BC9CEB8-8B4A-11D0-8D11-00A0C91BC942}") = "BattleTanks", "Intermediate\ProjectFiles\BattleTanks.vcxproj", "{7678792C-61C0-4CA8-8CA6-2B5831ADB096}"
EndProject
Global
	GlobalSection(SolutionConfigurationPlatforms) = preSolution
		DebugGame Editor|HTML5 = DebugGame Editor|HTML5
		DebugGame Editor|Win32 = DebugGame Editor|Win32
		DebugGame Editor|Win64 = DebugGame Editor|Win64
		DebugGame|HTML5 = DebugGame|HTML5
		DebugGame|Win32 = DebugGame|Win32
		DebugGame|Win64 = DebugGame|Win64
		Development Editor|HTML5 = Development Editor|HTML5
		Development Editor|Win32 = Development Editor|Win32
		Development Editor|Win64 = Development Editor|Win64
		Development|HTML5 = Development|HTML5
		Development|Win32 = Development|Win32
		Development|Win64 = Development|Win64
		Shipping|HTML5 = Shipping|HTML5
		Shipping|Win32 = Shipping|Win32
		Shipping|Win64 = Shipping|Win64
	EndGlobalSection
	GlobalSection(ProjectConfigurationPlatforms) = postSolution
		{EFD3875C-1125-4840-A256-8FA0D22EA239}.DebugGame Editor|HTML5.ActiveCfg = BuiltWithUnrealBuildTool|Win32
		{EFD3875C-1125-4840-A256-8FA0D22EA239}.DebugGame Editor|HTML5.Build.0 = BuiltWithUnrealBuildTool|Win32
		{EFD3875C-1125-4840-A256-8FA0D22EA239}.DebugGame Editor|Win32.ActiveCfg = BuiltWithUnrealBuildTool|Win32
		{EFD3875C-1125-4840-A256-8FA0D22EA239}.DebugGame Editor|Win32.Build.0 = BuiltWithUnrealBuildTool|Win32
		{EFD3875C-1125-4840-A256-8FA0D22EA239}.DebugGame Editor|Win64.ActiveCfg = BuiltWithUnrealBuildTool|Win32
		{EFD3875C-1125-4840-A256-8FA0D22EA239}.DebugGame Editor|Win64.Build.0 = BuiltWithUnrealBuildTool|Win32
		{EFD3875C-1125-4840-A256-8FA0D22EA239}.DebugGame|HTML5.ActiveCfg = BuiltWithUnrealBuildTool|Win32
		{EFD3875C-1125-4840-A256-8FA0D22EA239}.DebugGame|HTML5.Build.0 = BuiltWithUnrealBuildTool|Win32
		{EFD3875C-1125-4840-A256-8FA0D22EA239}.DebugGame|Win32.ActiveCfg = BuiltWithUnrealBuildTool|Win32
		{EFD3875C-1125-4840-A256-8FA0D22EA239}.DebugGame|Win32.Build.0 = BuiltWithUnrealBuildTool|Win32
		{EFD3875C-1125-4840-A256-8FA0D22EA239}.DebugGame|Win64.ActiveCfg = BuiltWithUnrealBuildTool|Win32
		{EFD3875C-1125-4840-A256-8FA0D22EA239}.DebugGame|Win64.Build.0 = BuiltWithUnrealBuildTool|Win32
		{EFD3875C-1125-4840-A256-8FA0D22EA239}.Development Editor|HTML5.ActiveCfg = BuiltWithUnrealBuildTool|Win32
		{EFD3875C-1125-4840-A256-8FA0D22EA239}.Development Editor|HTML5.Build.0 = BuiltWithUnrealBuildTool|Win32
		{EFD3875C-1125-4840-A256-8FA0D22EA239}.Development Editor|Win32.ActiveCfg = BuiltWithUnrealBuildTool|Win32
		{EFD3875C-1125-4840-A256-8FA0D22EA239}.Development Editor|Win32.Build.0 = BuiltWithUnrealBuildTool|Win32
		{EFD3875C-1125-4840-A256-8FA0D22EA239}.Development Editor|Win64.ActiveCfg = BuiltWithUnrealBuildTool|Win32
		{EFD3875C-1125-4840-A256-8FA0D22EA239}.Development Editor|Win64.Build.0 = BuiltWithUnrealBuildTool|Win32
		{EFD3875C-1125-4840-A256-8FA0D22EA239}.Development|HTML5.ActiveCfg = BuiltWithUnrealBuildTool|Win32
		{EFD3875C-1125-4840-A256-8FA0D22EA239}.Development|HTML5.Build.0 = BuiltWithUnrealBuildTool|Win32
		{EFD3875C-1125-4840-A256-8FA0D22EA239}.Development|Win32.ActiveCfg = BuiltWithUnrealBuildTool|Win32
		{EFD3875C-1125-4840-A256-8FA0D22EA239}.Development|Win32.Build.0 = BuiltWithUnrealBuildTool|Win32
		{EFD3875C-1125-4840-A256-8FA0D22EA239}.Development|Win64.ActiveCfg = BuiltWithUnrealBuildTool|Win32
		{EFD3875C-1125-4840-A256-8FA0D22EA239}.Development|Win64.Build.0 = BuiltWithUnrealBuildTool|Win32
		{EFD3875C-1125-4840-A256-8FA0D22EA239}.Shipping|HTML5.ActiveCfg = BuiltWithUnrealBuildTool|Win32
		{EFD3875C-1125-4840-A256-8FA0D22EA239}.Shipping|HTML5.Build.0 = BuiltWithUnrealBuildTool|Win32
		{EFD3875C-1125-4840-A256-8FA0D22EA239}.Shipping|Win32.ActiveCfg = BuiltWithUnrealBuildTool|Win32
		{EFD3875C-1125-4840-A256-8FA0D22EA239}.Shipping|Win32.Build.0 = BuiltWithUnrealBuildTool|Win32
		{EFD3875C-1125-4840-A256-8FA0D22EA239}.Shipping|Win64.ActiveCfg = BuiltWithUnrealBuildTool|Win32
		{EFD3875C-1125-4840-A256-8FA0D22EA239}.Shipping|Win64.Build.0 = BuiltWithUnrealBuildTool|Win32
		{7678792C-61C0-4CA8-8CA6-2B5831ADB096}.DebugGame Editor|HTML5.ActiveCfg = HTML5_DebugGame_Editor|Win32
		{7678792C-61C0-4CA8-8CA6-2B5831ADB096}.DebugGame Editor|Win32.ActiveCfg = DebugGame_Editor|Win32
		{7678792C-61C0-4CA8-8CA6-2B5831ADB096}.DebugGame Editor|Win64.ActiveCfg = DebugGame_Editor|x64
		{7678792C-61C0-4CA8-8CA6-2B5831ADB096}.DebugGame Editor|Win64.Build.0 = DebugGame_Editor|x64
		{7678792C-61C0-4CA8-8CA6-2B5831ADB096}.DebugGame|HTML5.ActiveCfg = HTML5_DebugGame_Game|Win32
		{7678792C-61C0-4CA8-8CA6-2B5831ADB096}.DebugGame|HTML5.Build.0 = HTML5_DebugGame_Game|Win32
		{7678792C-61C0-4CA8-8CA6-2B5831ADB096}.DebugGame|Win32.ActiveCfg = DebugGame_Game|Win32
		{7678792C-61C0-4CA8-8CA6-2B5831ADB096}.DebugGame|Win32.Build.0 = DebugGame_Game|Win32
		{7678792C-61C0-4CA8-8CA6-2B5831ADB096}.DebugGame|Win64.ActiveCfg = DebugGame_Game|x64
		{7678792C-61C0-4CA8-8CA6-2B5831ADB096}.DebugGame|Win64.Build.0 = DebugGame_Game|x64
		{7678792C-61C0-4CA8-8CA6-2B5831ADB096}.Development Editor|HTML5.ActiveCfg = HTML5_Development_Editor|Win32
		{7678792C-61C0-4CA8-8CA6-2B5831ADB096}.Development Editor|Win32.ActiveCfg = Development_Editor|Win32
		{7678792C-61C0-4CA8-8CA6-2B5831ADB096}.Development Editor|Win64.ActiveCfg = Development_Editor|x64
		{7678792C-61C0-4CA8-8CA6-2B5831ADB096}.Development Editor|Win64.Build.0 = Development_Editor|x64
		{7678792C-61C0-4CA8-8CA6-2B5831ADB096}.Development|HTML5.ActiveCfg = HTML5_Development_Game|Win32
		{7678792C-61C0-4CA8-8CA6-2B5831ADB096}.Development|HTML5.Build.0 = HTML5_Development_Game|Win32
		{7678792C-61C0-4CA8-8CA6-2B5831ADB096}.Development|Win32.ActiveCfg = Development_Game|Win32
		{7678792C-61C0-4CA8-8CA6-2B5831ADB096}.Development|Win32.Build.0 = Development_Game|Win32
		{7678792C-61C0-4CA8-8CA6-2B5831ADB096}.Development|Win64.ActiveCfg = Development_Game|x64
		{7678792C-61C0-4CA8-8CA6-2B5831ADB096}.Development|Win64.Build.0 = Development_Game|x64
		{7678792C-61C0-4CA8-8CA6-2B5831ADB096}.Shipping|HTML5.ActiveCfg = HTML5_Shipping_Game|Win32
		{7678792C-61C0-4CA8-8CA6-2B5831ADB096}.Shipping|HTML5.Build.0 = HTML5_Shipping_Game|Win32
		{7678792C-61C0-4CA8-8CA6-2B5831ADB096}.Shipping|Win32.ActiveCfg = Shipping_Game|Win32
		{7678792C-61C0-4CA8-8CA6-2B5831ADB096}.Shipping|Win32.Build.0 = Shipping_Game|Win32
		{7678792C-61C0-4CA8-8CA6-2B5831ADB096}.Shipping|Win64.ActiveCfg = Shipping_Game|x64
		{7678792C-61C0-4CA8-8CA6-2B5831ADB096}.Shipping|Win64.Build.0 = Shipping_Game|x64
	EndGlobalSection
	GlobalSection(SolutionProperties) = preSolution
		HideSolutionNode = FALSE
	EndGlobalSection
	GlobalSection(NestedProjects) = preSolution
		{EFD3875C-1125-4840-A256-8FA0D22EA239} = {E7BE7F2E-4A0B-456F-835B-4B18FEBCF10A}
		{7678792C-61C0-4CA8-8CA6-2B5831ADB096} = {18731E6F-6317-4D16-908E-ADB14B04921E}
	EndGlobalSection
EndGlobal
